<?xml version="1.0" encoding="utf-8"?>
<Project ToolsVersion="4.0" xmlns="http://schemas.microsoft.com/developer/msbuild/2003">
  <ItemGroup>
    <Filter Include="Resource Files">
      <UniqueIdentifier>{67DA6AB6-F800-4c08-8B7A-83BB121AAD01}</UniqueIdentifier>
      <Extensions>rc;ico;cur;bmp;dlg;rc2;rct;bin;rgs;gif;jpg;jpeg;jpe;resx;tiff;tif;png;wav</Extensions>
    </Filter>
    <Filter Include="src">
      <UniqueIdentifier>{ef0de7c3-7fb0-45dc-8979-7c5a57e76d55}</UniqueIdentifier>
    </Filter>
    <Filter Include="src\core">
      <UniqueIdentifier>{1662541f-08d8-45d7-a585-244a10637898}</UniqueIdentifier>
    </Filter>
    <Filter Include="src\objects">
      <UniqueIdentifier>{c0019b9d-8fe6-4b32-846b-2075f8a8571f}</UniqueIdentifier>
    </Filter>
    <Filter Include="assets">
      <UniqueIdentifier>{997b7730-ea4d-4ea2-a1a7-622ecf0d0311}</UniqueIdentifier>
    </Filter>
    <Filter Include="assets\Textures">
      <UniqueIdentifier>{90fe6267-ffce-4e69-bb01-b7f1a75258f5}</UniqueIdentifier>
    </Filter>
    <Filter Include="src\stuff">
      <UniqueIdentifier>{1bf2fb36-0e94-4944-9bc1-b5ff79884448}</UniqueIdentifier>
    </Filter>
    <Filter Include="src\ui">
      <UniqueIdentifier>{5a14c030-34f5-4dd8-b280-2488f46ee13d}</UniqueIdentifier>
    </Filter>
  </ItemGroup>
  <ItemGroup>
    <ClCompile Include="src\grass.cpp">
      <Filter>src</Filter>
    </ClCompile>
    <ClCompile Include="src\objects\Box.cpp">
      <Filter>src\objects</Filter>
    </ClCompile>
    <ClCompile Include="src\objects\Sprite.cpp">
      <Filter>src\objects</Filter>
    </ClCompile>
    <ClCompile Include="src\core\app.cpp">
      <Filter>src\core</Filter>
    </ClCompile>
    <ClCompile Include="src\ui\button.cpp">
      <Filter>src\ui</Filter>
    </ClCompile>
    <ClCompile Include="src\ui\textbox.cpp">
      <Filter>src\ui</Filter>
    </ClCompile>
    <ClCompile Include="src\stuff\color.cpp">
      <Filter>src\stuff</Filter>
    </ClCompile>
    <ClCompile Include="src\stuff\funcs.cpp">
      <Filter>src\stuff</Filter>
    </ClCompile>
    <ClCompile Include="src\stuff\vec2.cpp">
      <Filter>src\stuff</Filter>
    </ClCompile>
    <ClCompile Include="src\core\Scene.cpp">
      <Filter>src\core</Filter>
    </ClCompile>
  </ItemGroup>
  <ItemGroup>
    <ClInclude Include="src\grass.h">
      <Filter>src</Filter>
    </ClInclude>
    <ClInclude Include="src\objects\Box.h">
      <Filter>src\objects</Filter>
    </ClInclude>
    <ClInclude Include="src\objects\Sprite.h">
      <Filter>src\objects</Filter>
    </ClInclude>
    <ClInclude Include="src\core\app.h">
      <Filter>src\core</Filter>
    </ClInclude>
    <ClInclude Include="src\ui\button.h">
      <Filter>src\ui</Filter>
    </ClInclude>
    <ClInclude Include="src\ui\textbox.h">
      <Filter>src\ui</Filter>
    </ClInclude>
    <ClInclude Include="src\stuff\color.h">
      <Filter>src\stuff</Filter>
    </ClInclude>
    <ClInclude Include="src\stuff\funcs.h">
      <Filter>src\stuff</Filter>
    </ClInclude>
    <ClInclude Include="src\stuff\vec2.h">
      <Filter>src\stuff</Filter>
    </ClInclude>
    <ClInclude Include="src\core\Scene.h">
      <Filter>src\core</Filter>
    </ClInclude>
  </ItemGroup>
  <ItemGroup>
    <Image Include="assets\textures\White_Circle.png">
      <Filter>assets\Textures</Filter>
    </Image>
    <Image Include="assets\textures\Black_Circle.png">
      <Filter>assets\Textures</Filter>
    </Image>
  </ItemGroup>
  <ItemGroup>
    <None Include="build.ps1" />
    <None Include="Makefile" />
    <None Include="readme.md" />
    <None Include=".gitignore" />
    <None Include=".editorconfig" />
  </ItemGroup>
  <ItemGroup>
    <Text Include="Changes.md" />
  </ItemGroup>
</Project>